
Microsoft Visual Studio Solution File, Format Version 12.00
# Visual Studio 15
VisualStudioVersion = 15.0.28307.421
MinimumVisualStudioVersion = 10.0.40219.1
Project("{FAE04EC0-301F-11D3-BF4B-00C04F79EFBC}") = "CSPlugin-OBS", "CSPlugin-OBS\CSPlugin-OBS.csproj", "{B0D86127-46B1-43F2-92EB-C1DC9AEAD58D}"
EndProject
Project("{FAE04EC0-301F-11D3-BF4B-00C04F79EFBC}") = "CommandPluginLib", "CSPlugin-OBS\libs\CommandPluginLib\CommandPluginLib\CommandPluginLib.csproj", "{B328D3A4-2516-488F-B93B-63986C0E5348}"
EndProject
Project("{FAE04EC0-301F-11D3-BF4B-00C04F79EFBC}") = "obs-websocket-dotnet", "CSPlugin-OBS\libs\obs-websocket-dotnet\obs-websocket-dotnet\obs-websocket-dotnet.csproj", "{C8668815-F21E-49C0-8F1A-58BC698153AF}"
EndProject
Project("{FAE04EC0-301F-11D3-BF4B-00C04F79EFBC}") = "BS-OBSControl", "BS-OBSControl\BS-OBSControl.csproj", "{FBF0CF80-F613-4D64-B882-7EDFA46495C3}"
EndProject
Global
	GlobalSection(SolutionConfigurationPlatforms) = preSolution
		Debug|Any CPU = Debug|Any CPU
		Release|Any CPU = Release|Any CPU
	EndGlobalSection
	GlobalSection(ProjectConfigurationPlatforms) = postSolution
		{B0D86127-46B1-43F2-92EB-C1DC9AEAD58D}.Debug|Any CPU.ActiveCfg = Debug|Any CPU
		{B0D86127-46B1-43F2-92EB-C1DC9AEAD58D}.Debug|Any CPU.Build.0 = Debug|Any CPU
		{B0D86127-46B1-43F2-92EB-C1DC9AEAD58D}.Release|Any CPU.ActiveCfg = Release|Any CPU
		{B0D86127-46B1-43F2-92EB-C1DC9AEAD58D}.Release|Any CPU.Build.0 = Release|Any CPU
		{B328D3A4-2516-488F-B93B-63986C0E5348}.Debug|Any CPU.ActiveCfg = Debug|Any CPU
		{B328D3A4-2516-488F-B93B-63986C0E5348}.Debug|Any CPU.Build.0 = Debug|Any CPU
		{B328D3A4-2516-488F-B93B-63986C0E5348}.Release|Any CPU.ActiveCfg = Release|Any CPU
		{B328D3A4-2516-488F-B93B-63986C0E5348}.Release|Any CPU.Build.0 = Release|Any CPU
		{C8668815-F21E-49C0-8F1A-58BC698153AF}.Debug|Any CPU.ActiveCfg = Debug|Any CPU
		{C8668815-F21E-49C0-8F1A-58BC698153AF}.Debug|Any CPU.Build.0 = Debug|Any CPU
		{C8668815-F21E-49C0-8F1A-58BC698153AF}.Release|Any CPU.ActiveCfg = Release|Any CPU
		{C8668815-F21E-49C0-8F1A-58BC698153AF}.Release|Any CPU.Build.0 = Release|Any CPU
		{FBF0CF80-F613-4D64-B882-7EDFA46495C3}.Debug|Any CPU.ActiveCfg = Debug|Any CPU
		{FBF0CF80-F613-4D64-B882-7EDFA46495C3}.Debug|Any CPU.Build.0 = Debug|Any CPU
		{FBF0CF80-F613-4D64-B882-7EDFA46495C3}.Release|Any CPU.ActiveCfg = Release|Any CPU
		{FBF0CF80-F613-4D64-B882-7EDFA46495C3}.Release|Any CPU.Build.0 = Release|Any CPU
	EndGlobalSection
	GlobalSection(SolutionProperties) = preSolution
		HideSolutionNode = FALSE
	EndGlobalSection
	GlobalSection(ExtensibilityGlobals) = postSolution
		SolutionGuid = {86F38F97-A60F-4886-9FD5-69F18829B8CF}
	EndGlobalSection
EndGlobal
